{
    "_readme": [
        "This file locks the dependencies of your project to a known state",
        "Read more about it at https://getcomposer.org/doc/01-basic-usage.md#installing-dependencies",
        "This file is @generated automatically"
    ],
    "content-hash": "fbc0bf26d9c75625fd08324711458d32",
    "packages": [
        {
            "name": "matthieumastadenis/couleur",
            "version": "v0.1.2",
            "source": {
                "type": "git",
                "url": "https://github.com/matthieumastadenis/couleur.git",
                "reference": "3842cf51c9517e77afaa0a36ec78643a0c258e0b"
            },
            "dist": {
                "type": "zip",
                "url": "https://api.github.com/repos/matthieumastadenis/couleur/zipball/3842cf51c9517e77afaa0a36ec78643a0c258e0b",
                "reference": "3842cf51c9517e77afaa0a36ec78643a0c258e0b",
                "shasum": ""
            },
            "require": {
                "php": "~8.1"
            },
            "require-dev": {
                "php": "~8.1",
                "phpunit/phpunit": "^9.5"
            },
            "type": "library",
            "autoload": {
                "files": [
                    "src/utils/utils.php",
                    "src/utils/css/conversions.php",
                    "src/utils/css/utils.php",
                    "src/utils/hexRgb/conversions.php",
                    "src/utils/hexRgb/utils.php",
                    "src/utils/hsl/conversions.php",
                    "src/utils/hsl/utils.php",
                    "src/utils/hsv/conversions.php",
                    "src/utils/hsv/utils.php",
                    "src/utils/hwb/conversions.php",
                    "src/utils/hwb/utils.php",
                    "src/utils/lab/conversions.php",
                    "src/utils/lab/utils.php",
                    "src/utils/lch/conversions.php",
                    "src/utils/lch/utils.php",
                    "src/utils/linP3/conversions.php",
                    "src/utils/linP3/utils.php",
                    "src/utils/linProPhoto/conversions.php",
                    "src/utils/linProPhoto/utils.php",
                    "src/utils/linRgb/conversions.php",
                    "src/utils/linRgb/utils.php",
                    "src/utils/okLab/conversions.php",
                    "src/utils/okLab/utils.php",
                    "src/utils/okLch/conversions.php",
                    "src/utils/okLch/utils.php",
                    "src/utils/p3/conversions.php",
                    "src/utils/p3/utils.php",
                    "src/utils/proPhoto/conversions.php",
                    "src/utils/proPhoto/utils.php",
                    "src/utils/rgb/conversions.php",
                    "src/utils/rgb/utils.php",
                    "src/utils/xyzD50/conversions.php",
                    "src/utils/xyzD50/utils.php",
                    "src/utils/xyzD65/conversions.php",
                    "src/utils/xyzD65/utils.php"
                ],
                "psr-4": {
                    "matthieumastadenis\\couleur\\": "src/"
                }
            },
            "notification-url": "https://packagist.org/downloads/",
            "license": [
                "MIT"
            ],
            "authors": [
                {
                    "name": "Matthieu Masta Denis",
                    "email": "matthieu.denis@abitus.net"
                }
            ],
            "description": "A modern PHP 8.1+ color library, compatible with CSS Color Module Level 4",
            "support": {
                "issues": "https://github.com/matthieumastadenis/couleur/issues",
                "source": "https://github.com/matthieumastadenis/couleur/tree/v0.1.2"
            },
            "time": "2023-02-18T15:36:55+00:00"
        },
        {
            "name": "michelf/php-markdown",
            "version": "2.0.0",
            "source": {
                "type": "git",
                "url": "https://github.com/michelf/php-markdown.git",
                "reference": "eb176f173fbac58a045aff78e55f833264b34e71"
            },
            "dist": {
                "type": "zip",
                "url": "https://api.github.com/repos/michelf/php-markdown/zipball/eb176f173fbac58a045aff78e55f833264b34e71",
                "reference": "eb176f173fbac58a045aff78e55f833264b34e71",
                "shasum": ""
            },
            "require": {
                "php": ">=7.4"
            },
            "require-dev": {
                "friendsofphp/php-cs-fixer": "^3.0",
                "phpstan/phpstan": ">=1.0",
                "phpstan/phpstan-phpunit": ">=1.0",
                "phpunit/phpunit": "^9.5"
            },
            "type": "library",
            "autoload": {
                "psr-4": {
                    "Michelf\\": "Michelf/"
                }
            },
            "notification-url": "https://packagist.org/downloads/",
            "license": [
                "BSD-3-Clause"
            ],
            "authors": [
                {
                    "name": "Michel Fortin",
                    "email": "michel.fortin@michelf.ca",
                    "homepage": "https://michelf.ca/",
                    "role": "Developer"
                },
                {
                    "name": "John Gruber",
                    "homepage": "https://daringfireball.net/"
                }
            ],
            "description": "PHP Markdown",
            "homepage": "https://michelf.ca/projects/php-markdown/",
            "keywords": [
                "markdown"
            ],
            "support": {
                "issues": "https://github.com/michelf/php-markdown/issues",
                "source": "https://github.com/michelf/php-markdown/tree/2.0.0"
            },
            "time": "2022-09-26T12:21:08+00:00"
        }
    ],
    "packages-dev": [],
    "aliases": [],
    "minimum-stability": "stable",
    "stability-flags": {},
    "prefer-stable": false,
    "prefer-lowest": false,
    "platform": {},
    "platform-dev": {},
    "plugin-api-version": "2.6.0"
}
